// !$*UTF8*$!
{
	archiveVersion = 1;
	classes = {
	};
	objectVersion = 46;
	objects = {

/* Begin PBXBuildFile section */
		AC0C08311EAE4F450078D1E8 /* tabela-imc.png in Resources */ = {isa = PBXBuildFile; fileRef = AC0C08301EAE4F440078D1E8 /* tabela-imc.png */; };
		AC29C0E91EAE2018002F049F /* AppDelegate.swift in Sources */ = {isa = PBXBuildFile; fileRef = AC29C0E81EAE2018002F049F /* AppDelegate.swift */; };
		AC29C0EB1EAE2018002F049F /* ViewController.swift in Sources */ = {isa = PBXBuildFile; fileRef = AC29C0EA1EAE2018002F049F /* ViewController.swift */; };
		AC29C0EE1EAE2018002F049F /* Main.storyboard in Resources */ = {isa = PBXBuildFile; fileRef = AC29C0EC1EAE2018002F049F /* Main.storyboard */; };
		AC29C0F01EAE2018002F049F /* Assets.xcassets in Resources */ = {isa = PBXBuildFile; fileRef = AC29C0EF1EAE2018002F049F /* Assets.xcassets */; };
		AC29C0F31EAE2018002F049F /* LaunchScreen.storyboard in Resources */ = {isa = PBXBuildFile; fileRef = AC29C0F11EAE2018002F049F /* LaunchScreen.storyboard */; };
		AC29C0FD1EAE228E002F049F /* calculoIMC.swift in Sources */ = {isa = PBXBuildFile; fileRef = AC29C0FC1EAE228E002F049F /* calculoIMC.swift */; };
		AC29C0FF1EAE2704002F049F /* ResultadoViewController.swift in Sources */ = {isa = PBXBuildFile; fileRef = AC29C0FE1EAE2704002F049F /* ResultadoViewController.swift */; };
/* End PBXBuildFile section */

/* Begin PBXFileReference section */
		AC0C08301EAE4F440078D1E8 /* tabela-imc.png */ = {isa = PBXFileReference; lastKnownFileType = image.png; name = "tabela-imc.png"; path = "img/tabela-imc.png"; sourceTree = "<group>"; };
		AC29C0E51EAE2018002F049F /* IMC-NAC.app */ = {isa = PBXFileReference; explicitFileType = wrapper.application; includeInIndex = 0; path = "IMC-NAC.app"; sourceTree = BUILT_PRODUCTS_DIR; };
		AC29C0E81EAE2018002F049F /* AppDelegate.swift */ = {isa = PBXFileReference; lastKnownFileType = sourcecode.swift; path = AppDelegate.swift; sourceTree = "<group>"; };
		AC29C0EA1EAE2018002F049F /* ViewController.swift */ = {isa = PBXFileReference; lastKnownFileType = sourcecode.swift; path = ViewController.swift; sourceTree = "<group>"; };
		AC29C0ED1EAE2018002F049F /* Base */ = {isa = PBXFileReference; lastKnownFileType = file.storyboard; name = Base; path = Base.lproj/Main.storyboard; sourceTree = "<group>"; };
		AC29C0EF1EAE2018002F049F /* Assets.xcassets */ = {isa = PBXFileReference; lastKnownFileType = folder.assetcatalog; path = Assets.xcassets; sourceTree = "<group>"; };
		AC29C0F21EAE2018002F049F /* Base */ = {isa = PBXFileReference; lastKnownFileType = file.storyboard; name = Base; path = Base.lproj/LaunchScreen.storyboard; sourceTree = "<group>"; };
		AC29C0F41EAE2018002F049F /* Info.plist */ = {isa = PBXFileReference; lastKnownFileType = text.plist.xml; path = Info.plist; sourceTree = "<group>"; };
		AC29C0FC1EAE228E002F049F /* calculoIMC.swift */ = {isa = PBXFileReference; fileEncoding = 4; lastKnownFileType = sourcecode.swift; path = calculoIMC.swift; sourceTree = "<group>"; };
		AC29C0FE1EAE2704002F049F /* ResultadoViewController.swift */ = {isa = PBXFileReference; fileEncoding = 4; lastKnownFileType = sourcecode.swift; path = ResultadoViewController.swift; sourceTree = "<group>"; };
/* End PBXFileReference section */

/* Begin PBXFrameworksBuildPhase section */
		AC29C0E21EAE2018002F049F /* Frameworks */ = {
			isa = PBXFrameworksBuildPhase;
			buildActionMask = 2147483647;
			files = (
			);
			runOnlyForDeploymentPostprocessing = 0;
		};
/* End PBXFrameworksBuildPhase section */

/* Begin PBXGroup section */
		AC0C082F1EAE4F280078D1E8 /* img */ = {
			isa = PBXGroup;
			children = (
				AC0C08301EAE4F440078D1E8 /* tabela-imc.png */,
			);
			name = img;
			sourceTree = "<group>";
		};
		AC29C0DC1EAE2018002F049F = {
			isa = PBXGroup;
			children = (
				AC29C0E71EAE2018002F049F /* IMC-NAC */,
				AC29C0E61EAE2018002F049F /* Products */,
			);
			sourceTree = "<group>";
		};
		AC29C0E61EAE2018002F049F /* Products */ = {
			isa = PBXGroup;
			children = (
				AC29C0E51EAE2018002F049F /* IMC-NAC.app */,
			);
			name = Products;
			sourceTree = "<group>";
		};
		AC29C0E71EAE2018002F049F /* IMC-NAC */ = {
			isa = PBXGroup;
			children = (
				AC0C082F1EAE4F280078D1E8 /* img */,
				AC29C0E81EAE2018002F049F /* AppDelegate.swift */,
				AC29C0EA1EAE2018002F049F /* ViewController.swift */,
				AC29C0EC1EAE2018002F049F /* Main.storyboard */,
				AC29C0EF1EAE2018002F049F /* Assets.xcassets */,
				AC29C0F11EAE2018002F049F /* LaunchScreen.storyboard */,
				AC29C0F41EAE2018002F049F /* Info.plist */,
				AC29C0FC1EAE228E002F049F /* calculoIMC.swift */,
				AC29C0FE1EAE2704002F049F /* ResultadoViewController.swift */,
			);
			path = "IMC-NAC";
			sourceTree = "<group>";
		};
/* End PBXGroup section */

/* Begin PBXNativeTarget section */
		AC29C0E41EAE2018002F049F /* IMC-NAC */ = {
			isa = PBXNativeTarget;
			buildConfigurationList = AC29C0F71EAE2018002F049F /* Build configuration list for PBXNativeTarget "IMC-NAC" */;
			buildPhases = (
				AC29C0E11EAE2018002F049F /* Sources */,
				AC29C0E21EAE2018002F049F /* Frameworks */,
				AC29C0E31EAE2018002F049F /* Resources */,
			);
			buildRules = (
			);
			dependencies = (
			);
			name = "IMC-NAC";
			productName = "IMC-NAC";
			productReference = AC29C0E51EAE2018002F049F /* IMC-NAC.app */;
			productType = "com.apple.product-type.application";
		};
/* End PBXNativeTarget section */

/* Begin PBXProject section */
		AC29C0DD1EAE2018002F049F /* Project object */ = {
			isa = PBXProject;
			attributes = {
				LastSwiftUpdateCheck = 0810;
				LastUpgradeCheck = 0810;
				ORGANIZATIONNAME = Marina;
				TargetAttributes = {
					AC29C0E41EAE2018002F049F = {
						CreatedOnToolsVersion = 8.1;
						ProvisioningStyle = Automatic;
					};
				};
			};
			buildConfigurationList = AC29C0E01EAE2018002F049F /* Build configuration list for PBXProject "IMC-NAC" */;
			compatibilityVersion = "Xcode 3.2";
			developmentRegion = English;
			hasScannedForEncodings = 0;
			knownRegions = (
				en,
				Base,
			);
			mainGroup = AC29C0DC1EAE2018002F049F;
			productRefGroup = AC29C0E61EAE2018002F049F /* Products */;
			projectDirPath = "";
			projectRoot = "";
			targets = (
				AC29C0E41EAE2018002F049F /* IMC-NAC */,
			);
		};
/* End PBXProject section */

/* Begin PBXResourcesBuildPhase section */
		AC29C0E31EAE2018002F049F /* Resources */ = {
			isa = PBXResourcesBuildPhase;
			buildActionMask = 2147483647;
			files = (
				AC0C08311EAE4F450078D1E8 /* tabela-imc.png in Resources */,
				AC29C0F31EAE2018002F049F /* LaunchScreen.storyboard in Resources */,
				AC29C0F01EAE2018002F049F /* Assets.xcassets in Resources */,
				AC29C0EE1EAE2018002F049F /* Main.storyboard in Resources */,
			);
			runOnlyForDeploymentPostprocessing = 0;
		};
/* End PBXResourcesBuildPhase section */

/* Begin PBXSourcesBuildPhase section */
		AC29C0E11EAE2018002F049F /* Sources */ = {
			isa = PBXSourcesBuildPhase;
			buildActionMask = 2147483647;
			files = (
				AC29C0EB1EAE2018002F049F /* ViewController.swift in Sources */,
				AC29C0E91EAE2018002F049F /* AppDelegate.swift in Sources */,
				AC29C0FF1EAE2704002F049F /* ResultadoViewController.swift in Sources */,
				AC29C0FD1EAE228E002F049F /* calculoIMC.swift in Sources */,
			);
			runOnlyForDeploymentPostprocessing = 0;
		};
/* End PBXSourcesBuildPhase section */

/* Begin PBXVariantGroup section */
		AC29C0EC1EAE2018002F049F /* Main.storyboard */ = {
			isa = PBXVariantGroup;
			children = (
				AC29C0ED1EAE2018002F049F /* Base */,
			);
			name = Main.storyboard;
			sourceTree = "<group>";
		};
		AC29C0F11EAE2018002F049F /* LaunchScreen.storyboard */ = {
			isa = PBXVariantGroup;
			children = (
				AC29C0F21EAE2018002F049F /* Base */,
			);
			name = LaunchScreen.storyboard;
			sourceTree = "<group>";
		};
/* End PBXVariantGroup section */

/* Begin XCBuildConfiguration section */
		AC29C0F51EAE2018002F049F /* Debug */ = {
			isa = XCBuildConfiguration;
			buildSettings = {
				ALWAYS_SEARCH_USER_PATHS = NO;
				CLANG_ANALYZER_NONNULL = YES;
				CLANG_CXX_LANGUAGE_STANDARD = "gnu++0x";
				CLANG_CXX_LIBRARY = "libc++";
				CLANG_ENABLE_MODULES = YES;
				CLANG_ENABLE_OBJC_ARC = YES;
				CLANG_WARN_BOOL_CONVERSION = YES;
				CLANG_WARN_CONSTANT_CONVERSION = YES;
				CLANG_WARN_DIRECT_OBJC_ISA_USAGE = YES_ERROR;
				CLANG_WARN_DOCUMENTATION_COMMENTS = YES;
				CLANG_WARN_EMPTY_BODY = YES;
				CLANG_WARN_ENUM_CONVERSION = YES;
				CLANG_WARN_INFINITE_RECURSION = YES;
				CLANG_WARN_INT_CONVERSION = YES;
				CLANG_WARN_OBJC_ROOT_CLASS = YES_ERROR;
				CLANG_WARN_SUSPICIOUS_MOVES = YES;
				CLANG_WARN_UNREACHABLE_CODE = YES;
				CLANG_WARN__DUPLICATE_METHOD_MATCH = YES;
				"CODE_SIGN_IDENTITY[sdk=iphoneos*]" = "iPhone Developer";
				COPY_PHASE_STRIP = NO;
				DEBUG_INFORMATION_FORMAT = dwarf;
				ENABLE_STRICT_OBJC_MSGSEND = YES;
				ENABLE_TESTABILITY = YES;
				GCC_C_LANGUAGE_STANDARD = gnu99;
				GCC_DYNAMIC_NO_PIC = NO;
				GCC_NO_COMMON_BLOCKS = YES;
				GCC_OPTIMIZATION_LEVEL = 0;
				GCC_PREPROCESSOR_DEFINITIONS = (
					"DEBUG=1",
					"$(inherited)",
				);
				GCC_WARN_64_TO_32_BIT_CONVERSION = YES;
				GCC_WARN_ABOUT_RETURN_TYPE = YES_ERROR;
				GCC_WARN_UNDECLARED_SELECTOR = YES;
				GCC_WARN_UNINITIALIZED_AUTOS = YES_AGGRESSIVE;
				GCC_WARN_UNUSED_FUNCTION = YES;
				GCC_WARN_UNUSED_VARIABLE = YES;
				IPHONEOS_DEPLOYMENT_TARGET = 10.1;
				MTL_ENABLE_DEBUG_INFO = YES;
				ONLY_ACTIVE_ARCH = YES;
				SDKROOT = iphoneos;
				SWIFT_ACTIVE_COMPILATION_CONDITIONS = DEBUG;
				SWIFT_OPTIMIZATION_LEVEL = "-Onone";
				TARGETED_DEVICE_FAMILY = "1,2";
			};
			name = Debug;
		};
		AC29C0F61EAE2018002F049F /* Release */ = {
			isa = XCBuildConfiguration;
			buildSettings = {
				ALWAYS_SEARCH_USER_PATHS = NO;
				CLANG_ANALYZER_NONNULL = YES;
				CLANG_CXX_LANGUAGE_STANDARD = "gnu++0x";
				CLANG_CXX_LIBRARY = "libc++";
				CLANG_ENABLE_MODULES = YES;
				CLANG_ENABLE_OBJC_ARC = YES;
				CLANG_WARN_BOOL_CONVERSION = YES;
				CLANG_WARN_CONSTANT_CONVERSION = YES;
				CLANG_WARN_DIRECT_OBJC_ISA_USAGE = YES_ERROR;
				CLANG_WARN_DOCUMENTATION_COMMENTS = YES;
				CLANG_WARN_EMPTY_BODY = YES;
				CLANG_WARN_ENUM_CONVERSION = YES;
				CLANG_WARN_INFINITE_RECURSION = YES;
				CLANG_WARN_INT_CONVERSION = YES;
				CLANG_WARN_OBJC_ROOT_CLASS = YES_ERROR;
				CLANG_WARN_SUSPICIOUS_MOVES = YES;
				CLANG_WARN_UNREACHABLE_CODE = YES;
				CLANG_WARN__DUPLICATE_METHOD_MATCH = YES;
				"CODE_SIGN_IDENTITY[sdk=iphoneos*]" = "iPhone Developer";
				COPY_PHASE_STRIP = NO;
				DEBUG_INFORMATION_FORMAT = "dwarf-with-dsym";
				ENABLE_NS_ASSERTIONS = NO;
				ENABLE_STRICT_OBJC_MSGSEND = YES;
				GCC_C_LANGUAGE_STANDARD = gnu99;
				GCC_NO_COMMON_BLOCKS = YES;
				GCC_WARN_64_TO_32_BIT_CONVERSION = YES;
				GCC_WARN_ABOUT_RETURN_TYPE = YES_ERROR;
				GCC_WARN_UNDECLARED_SELECTOR = YES;
				GCC_WARN_UNINITIALIZED_AUTOS = YES_AGGRESSIVE;
				GCC_WARN_UNUSED_FUNCTION = YES;
				GCC_WARN_UNUSED_VARIABLE = YES;
				IPHONEOS_DEPLOYMENT_TARGET = 10.1;
				MTL_ENABLE_DEBUG_INFO = NO;
				SDKROOT = iphoneos;
				SWIFT_OPTIMIZATION_LEVEL = "-Owholemodule";
				TARGETED_DEVICE_FAMILY = "1,2";
				VALIDATE_PRODUCT = YES;
			};
			name = Release;
		};
		AC29C0F81EAE2018002F049F /* Debug */ = {
			isa = XCBuildConfiguration;
			buildSettings = {
				ASSETCATALOG_COMPILER_APPICON_NAME = AppIcon;
				INFOPLIST_FILE = "IMC-NAC/Info.plist";
				LD_RUNPATH_SEARCH_PATHS = "$(inherited) @executable_path/Frameworks";
				PRODUCT_BUNDLE_IDENTIFIER = "FIAP.IMC-NAC";
				PRODUCT_NAME = "$(TARGET_NAME)";
				SWIFT_VERSION = 3.0;
			};
			name = Debug;
		};
		AC29C0F91EAE2018002F049F /* Release */ = {
			isa = XCBuildConfiguration;
			buildSettings = {
				ASSETCATALOG_COMPILER_APPICON_NAME = AppIcon;
				INFOPLIST_FILE = "IMC-NAC/Info.plist";
				LD_RUNPATH_SEARCH_PATHS = "$(inherited) @executable_path/Frameworks";
				PRODUCT_BUNDLE_IDENTIFIER = "FIAP.IMC-NAC";
				PRODUCT_NAME = "$(TARGET_NAME)";
				SWIFT_VERSION = 3.0;
			};
			name = Release;
		};
/* End XCBuildConfiguration section */

/* Begin XCConfigurationList section */
		AC29C0E01EAE2018002F049F /* Build configuration list for PBXProject "IMC-NAC" */ = {
			isa = XCConfigurationList;
			buildConfigurations = (
				AC29C0F51EAE2018002F049F /* Debug */,
				AC29C0F61EAE2018002F049F /* Release */,
			);
			defaultConfigurationIsVisible = 0;
			defaultConfigurationName = Release;
		};
		AC29C0F71EAE2018002F049F /* Build configuration list for PBXNativeTarget "IMC-NAC" */ = {
			isa = XCConfigurationList;
			buildConfigurations = (
				AC29C0F81EAE2018002F049F /* Debug */,
				AC29C0F91EAE2018002F049F /* Release */,
			);
			defaultConfigurationIsVisible = 0;
			defaultConfigurationName = Release;
		};
/* End XCConfigurationList section */
	};
	rootObject = AC29C0DD1EAE2018002F049F /* Project object */;
}
